github.com/gorilla/websocket v1.4.2 h1:+/TMaTYc4QFitKJxsQ7Yye35DkWvkdLcvGKqM+x0Ufc=
github.com/gorilla/websocket v1.4.2/go.mod h1:YR8l580nyteQvAITg2hZ9XVh4b55+EU/adAjf1fMHhE=
github.com/ryoukata/trace v0.0.0-20210307082215-8aecd738191c h1:KmuA/fGR2LjE4Tjr4mGsRok0IiHc/R61e6i0IvGAieU=
github.com/ryoukata/trace v0.0.0-20210307082215-8aecd738191c/go.mod h1:uX6El/JMxFzovFccKeiyStL4pSXZ1DhGwYVgzg2hZFY=
